# Generated by Protostar. Records the project changes Protostar last accepted.
# Commit this file with pyproject.toml; status, diff, and sync require it.
# Keep it while using Protostar. If lost, restore it from version control.
# You can delete it when you no longer use Protostar for this project.

schema_version = 1
producer_version = "0.9.0"

[template]
origin = "built-in"
locator = "cli"
digest = "18f528322fcfdba33222acc412c74e00ab87b3960b731b72a84eddaf735ffdaa"
display_name = "cli"

[[files]]
path = ".envrc"
policy = "seed-only"
digest = "0f07e21202b6f86e25296e5ff2265b6b05e6e23db19c393fbf16cab69bf8c028"

[[files]]
path = ".github/codecov.yml"
policy = "structured-yaml"
baseline = "comment:\n  behavior: default\n  layout: reach,diff,flags,files\n  require_changes: true\ncoverage:\n  precision: 2\n  range: 80...100\n  round: down\n  status:\n    patch:\n      default:\n        if_ci_failed: error\n        if_not_found: success\n        informational: false\n        target: 80%\n        threshold: 2%\n    project:\n      default:\n        if_ci_failed: error\n        if_not_found: error\n        target: 80%\n        threshold: 2%\nignore:\n  - tests/**\n  - docs/**\n  - scripts/**\n  - '**/__init__.py'\n"

[[files]]
path = ".github/renovate.json"
policy = "structured-jsonc"
baseline = "{\n  \"$schema\": \"https://docs.renovatebot.com/renovate-schema.json\",\n  \"extends\": [\n    \"config:best-practices\",\n    \":semanticCommits\"\n  ],\n  \"internalChecksFilter\": \"strict\",\n  \"packageRules\": [\n    {\n      \"description\": \"Require a package to be 2 weeks old before updating, but exclude vulnerability remediation from this wait.\",\n      \"matchUpdateTypes\": [\n        \"major\",\n        \"minor\",\n        \"patch\",\n        \"pin\",\n        \"digest\"\n      ],\n      \"minimumReleaseAge\": \"2 weeks\"\n    },\n    {\n      \"automerge\": true,\n      \"description\": \"Group all python dev-dependencies into one PR and automerge them.\",\n      \"groupName\": \"python-dev-tools\",\n      \"matchDepTypes\": [\n        \"dependency-groups\"\n      ],\n      \"matchFileNames\": [\n        \"pyproject.toml\"\n      ]\n    },\n    {\n      \"automerge\": true,\n      \"description\": \"Group GitHub Actions updates into one PR and automerge them.\",\n      \"groupName\": \"github-actions\",\n      \"matchManagers\": [\n        \"github-actions\"\n      ]\n    }\n  ],\n  \"rebaseWhen\": \"conflicted\",\n  \"schedule\": [\n    \"before 4am on monday\"\n  ],\n  \"vulnerabilityAlerts\": {\n    \"schedule\": [\n      \"at any time\"\n    ]\n  }\n}\n"

[[files]]
path = ".github/workflows/ci.yml"
policy = "structured-yaml"
baseline = "jobs:\n  lint:\n    name: Lint & Type Check\n    runs-on: ubuntu-latest\n    steps:\n      - name: Checkout\n        uses: actions/checkout@v7\n      - name: Install uv\n        uses: astral-sh/setup-uv@v10.0.0\n        with:\n          enable-cache: true\n          python-version: '3.13'\n      - name: Install dependencies\n        run: uv sync --all-extras --dev --locked\n      - name: Lint Markdown with rumdl\n        run: uv run rumdl check --output-format github .\n      - name: Check Markdown formatting with rumdl\n        run: uv run rumdl fmt --check --output-format github .\n      - name: Run Ruff Linter\n        run: uv run ruff check --output-format=github .\n      - name: Run Ruff Formatter\n        run: uv run ruff format --check --output-format=github .\n      - name: Run Mypy\n        run: uv run mypy .\n      - name: Run actionlint\n        run: uv run actionlint\n  test:\n    name: Test on ${{ matrix.os }} with Python ${{ matrix.python-version }}\n    runs-on: ${{ matrix.os }}\n    steps:\n      - name: Checkout\n        uses: actions/checkout@v7\n      - name: Install uv\n        uses: astral-sh/setup-uv@v10.0.0\n        with:\n          enable-cache: true\n          python-version: ${{ matrix.python-version }}\n      - name: Install dependencies\n        run: \"uv sync --all-extras --dev --locked\\nuv pip install pytest-github-actions-annotate-failures\\n\"\n      - name: Run tests\n        run: uv run pytest ${{ matrix.coverage && '--cov --cov-report=xml --junitxml=junit.xml -o junit_family=legacy' || '' }}\n      - if: matrix.coverage\n        name: Upload coverage to Codecov\n        uses: codecov/codecov-action@v7\n        with:\n          disable_search: true\n          fail_ci_if_error: true\n          files: coverage.xml\n          name: coverage\n          token: ${{ secrets.CODECOV_TOKEN }}\n      - if: ${{ matrix.coverage && !cancelled() }}\n        name: Upload test analytics to Codecov\n        uses: codecov/codecov-action@v7\n        with:\n          disable_search: true\n          files: junit.xml\n          name: test-results\n          report_type: test_results\n          token: ${{ secrets.CODECOV_TOKEN }}\n    strategy:\n      matrix:\n        include:\n          - coverage: true\n            os: ubuntu-latest\n            python-version: '3.14'\n        os:\n          - macos-latest\n          - ubuntu-latest\n          - windows-latest\n        python-version:\n          - '3.13'\n          - '3.14'\nname: CI\non:\n  pull_request:\n    branches:\n      - main\n  push:\n    branches:\n      - main\n"

[[files]]
path = ".github/workflows/release.yml"
policy = "structured-yaml"
baseline = "jobs:\n  pypi-publish:\n    environment:\n      name: pypi\n      url: https://pypi.org/p/${{ github.event.repository.name }}\n    name: Build and Publish to PyPI\n    permissions:\n      id-token: write\n    runs-on: ubuntu-latest\n    steps:\n      - name: Checkout\n        uses: actions/checkout@v7\n      - name: Install uv\n        uses: astral-sh/setup-uv@v10.0.0\n      - name: Build package\n        run: uv build\n      - name: Publish to PyPI\n        uses: pypa/gh-action-pypi-publish@release/v1\nname: Release\non:\n  push:\n    tags:\n      - v*\n"

[[files]]
path = ".pre-commit-config.yaml"
policy = "structured-yaml"
baseline = "default_install_hook_types:\n  - pre-commit\n  - commit-msg\n  - pre-push\ndefault_stages:\n  - pre-commit\nrepos:\n  - hooks:\n      - id: check-added-large-files\n      - id: check-merge-conflict\n      - id: check-case-conflict\n      - id: check-symlinks\n      - id: check-executables-have-shebangs\n      - exclude: \\.py$\n        id: trailing-whitespace\n      - exclude: \\.py$\n        id: end-of-file-fixer\n      - id: check-yaml\n      - id: check-json\n      - id: check-toml\n    repo: builtin\n  - hooks:\n      - entry: uv lock --check\n        files: ^(pyproject\\.toml|uv\\.lock)$\n        id: uv-lock-check\n        language: system\n        name: uv lock check\n        pass_filenames: false\n      - entry: uv run rumdl check --fix\n        id: rumdl-check\n        language: system\n        name: rumdl check\n        require_serial: true\n        types:\n          - markdown\n      - entry: uv run rumdl fmt\n        id: rumdl-fmt\n        language: system\n        name: rumdl fmt\n        require_serial: true\n        types:\n          - markdown\n      - entry: uv run ruff check --fix\n        id: ruff-check\n        language: system\n        name: ruff check\n        require_serial: true\n        types:\n          - python\n      - entry: uv run ruff format\n        id: ruff-format\n        language: system\n        name: ruff format\n        require_serial: true\n        types:\n          - python\n      - entry: uv run mypy .\n        id: mypy\n        language: system\n        name: mypy\n        pass_filenames: false\n        types:\n          - python\n      - entry: uv run pytest\n        files: ^(src/|tests/|pyproject\\.toml|uv\\.lock)\n        id: pytest\n        language: system\n        name: pytest\n        pass_filenames: false\n        stages:\n          - pre-push\n      - entry: uv run check-jsonschema --builtin-schema vendor.renovate --force-filetype json5\n        files: ^\\.github/renovate\\.json$\n        id: check-renovate\n        language: system\n        name: check renovate config\n      - entry: uv run check-jsonschema --builtin-schema vendor.readthedocs\n        files: ^\\.readthedocs\\.yaml$\n        id: check-readthedocs\n        language: system\n        name: check read the docs config\n      - entry: uv run actionlint\n        files: ^\\.github/workflows/.*\\.ya?ml$\n        id: actionlint\n        language: system\n        name: actionlint\n    repo: local\n  - hooks:\n      - id: gitleaks\n    repo: https://github.com/gitleaks/gitleaks\n    rev: v8.30.1\n  - hooks:\n      - id: commitizen\n        stages:\n          - commit-msg\n    repo: https://github.com/commitizen-tools/commitizen\n    rev: v4.18.1\n"

[[files]]
path = ".readthedocs.yaml"
policy = "structured-yaml"
baseline = "build:\n  jobs:\n    build:\n      html:\n        - mkdir -p \"$READTHEDOCS_OUTPUT/html\"\n        - UV_PROJECT_ENVIRONMENT=\"${READTHEDOCS_VIRTUALENV_PATH}\" uv run zensical build\n        - cp -r site/* \"$READTHEDOCS_OUTPUT/html/\"\n    create_environment:\n      - uv venv \"${READTHEDOCS_VIRTUALENV_PATH}\"\n    install:\n      - UV_PROJECT_ENVIRONMENT=\"${READTHEDOCS_VIRTUALENV_PATH}\" uv sync --only-group docs\n    pre_create_environment:\n      - pip install uv\n  os: ubuntu-24.04\n  tools:\n    python: '3.13'\nversion: 2\n"

[[files]]
path = "CHANGELOG.md"
policy = "seed-only"
digest = "0a9c19eaad38cda8e9040bfacafc0d82d4734993e514c492dd65bc3e79b07f04"

[[files]]
path = "README.md"
policy = "seed-only"
digest = "37c77381868c59a8a87717f8c70016477dc028054b636446323b9bfcf2c9bdf3"

[[files]]
path = "docs/index.md"
policy = "seed-only"
digest = "ceb0460ebc192cf5249ce3a1f507173b92411441f3cc4738fbc22714c336a3b8"

[[files]]
path = "justfile"
policy = "text"
baseline = "set shell := [\"bash\", \"-euc\", \"-o\", \"pipefail\"]\nset unstable\nset quiet\n\n# --- ANSI Colors ---\n\nblue := '\\033[1;34m'\ngreen := '\\033[1;32m'\nnc := '\\033[0m'\n\n# Show available commands\ndefault:\n    @just --list\n\n# Sync/install dependencies using uv\nsync:\n    uv sync --quiet\n\n# Auto-format code\nformat: sync\n    @printf \"\\n{{ blue }}=== Formatting Code ==={{ nc }}\\n\"\n    uv run rumdl check --fix .\n    uv run rumdl fmt .\n    uv run ruff check --fix .\n    uv run ruff format .\n    @printf \"{{ green }}✔ Formatting complete{{ nc }}\\n\"\n\n# Run linters\nlint: sync\n    @printf \"\\n{{ blue }}=== Running Linters ==={{ nc }}\\n\"\n    uv run rumdl check .\n    uv run rumdl fmt --check .\n    uv run ruff check .\n    uv run ruff format --check .\n    uv run actionlint\n    @printf \"{{ green }}✔ Linting passed{{ nc }}\\n\"\n\n# Run static type checking\ntypecheck: sync\n    @printf \"\\n{{ blue }}=== Running Type Checks ==={{ nc }}\\n\"\n    uv run mypy .\n    @printf \"{{ green }}✔ Type checking passed{{ nc }}\\n\"\n\n# Run the full automated testing matrix\ntest: sync\n    @printf \"\\n{{ blue }}=== Running Tests ==={{ nc }}\\n\"\n    uv run pytest\n    @printf \"{{ green }}✔ All tests passed{{ nc }}\\n\"\n\n# Run tests with coverage\ntest-cov: sync\n    @printf \"\\n{{ blue }}=== Running Tests with Coverage ==={{ nc }}\\n\"\n    uv run pytest --cov\n    @printf \"{{ green }}✔ Coverage run complete{{ nc }}\\n\"\n\n# Run the fast local CI pipeline executed before pushing\nci: lint typecheck test\n    @printf \"\\n{{ green }}✔ Local CI pipeline completed successfully. Clear to push!{{ nc }}\\n\"\n\n# Remove caches, artifacts, and temp files\nclean:\n    @printf \"\\n{{ blue }}=== Cleaning Workspace ==={{ nc }}\\n\"\n    rm -rf \\\n        .rumdl_cache \\\n        .ruff_cache \\\n        .mypy_cache \\\n        .pytest_cache \\\n        htmlcov \\\n        .coverage \\\n        coverage.xml\n    find . -type d -name \"__pycache__\" -exec rm -rf {} +\n    @printf \"{{ green }}✔ Workspace cleaned{{ nc }}\\n\"\n\n# Start the documentation preview server\nserve: sync\n    @printf \"\\n{{ blue }}=== Launching Zensical Server ==={{ nc }}\\n\"\n    uv run zensical serve -o\n"

[[files]]
path = "pyproject.toml"
policy = "structured-toml"
baseline = "[build-system]\nbuild-backend = \"hatchling.build\"\nrequires = [\"hatchling\"]\n\n[dependency-groups]\ndocs = []\n[[dependency-groups.dev]]\ninclude-group = \"docs\"\n\n[project]\nclassifiers = [\"Programming Language :: Python :: 3\", \"Programming Language :: Python :: 3.13\", \"Programming Language :: Python :: 3.14\", \"Operating System :: MacOS\", \"Operating System :: POSIX :: Linux\", \"Operating System :: Microsoft :: Windows\"]\ndescription = \"Add your description here.\"\nreadme = \"README.md\"\n[[project.authors]]\nemail = \"your-email@example.com\"\nname = \"your-name\"\n\n[project.scripts]\ndemo-project = \"demo_project.cli:app\"\n\n[tool.commitizen]\nchangelog_incremental = true\nname = \"cz_conventional_commits\"\ntag_format = \"v$version\"\nupdate_changelog_on_bump = true\nversion_provider = \"pep621\"\nversion_scheme = \"semver2\"\n\n[tool.coverage.report]\nfail_under = 90\nomit = [\"**/__init__.py\"]\nshow_missing = true\nskip_covered = true\n\n[tool.coverage.run]\nbranch = true\n\n[tool.hatch.build.targets.wheel]\npackages = [\"src/demo_project\"]\n\n[tool.mypy]\ncheck_untyped_defs = true\nexplicit_package_bases = true\nmypy_path = \"src\"\npretty = true\npython_version = \"3.13\"\nshow_error_codes = true\nshow_error_context = true\nstrict = true\nwarn_return_any = true\nwarn_unused_configs = true\n\n[[tool.mypy.overrides]]\ndisallow_incomplete_defs = false\ndisallow_untyped_calls = false\ndisallow_untyped_defs = false\nmodule = [\"tests.*\"]\nwarn_return_any = false\n\n[tool.pytest.ini_options]\naddopts = \"--strict-markers\"\npythonpath = [\".\"]\ntestpaths = [\"tests\"]\n\n[tool.ruff]\nline-length = 88\n\n[tool.ruff.lint]\nextend-select = [\"D\", \"N\", \"PT\", \"RET\", \"SIM\", \"T20\"]\nignore = [\"D100\", \"D104\", \"D107\", \"E501\"]\nselect = [\"A\", \"B\", \"C4\", \"E\", \"F\", \"I\", \"RUF\", \"UP\"]\n\n[tool.ruff.lint.per-file-ignores]\n\"tests/*.py\" = [\"T201\", \"D\"]\n\n[tool.ruff.lint.pydocstyle]\nconvention = \"google\"\n\n[tool.rumdl]\ndisable = [\"MD013\", \"MD033\", \"MD077\"]\n\n[tool.rumdl.MD003]\nstyle = \"atx\"\n\n[tool.rumdl.MD004]\nstyle = \"dash\"\n\n[tool.rumdl.MD009]\nbr-spaces = 2\nstrict = false\n\n[tool.rumdl.MD024]\nsiblings-only = true\n\n[tool.rumdl.MD029]\nstyle = \"one\"\n\n[tool.rumdl.per-file-ignores]\n\"docs/**/*.md\" = [\"MD041\", \"MD046\"]\n"

[[files]]
path = "src/demo_project/__init__.py"
policy = "seed-only"
digest = "8676db1404c13b556f9472e058e7bcedcacbeec6152d8b392fbc4468e9f000e5"

[[files]]
path = "src/demo_project/cli.py"
policy = "seed-only"
digest = "f04159e36b3200fd89d525cad62ce33c0d08161a162990cd87f9a9d4d78c295a"

[[files]]
path = "tests/test_cli.py"
policy = "seed-only"
digest = "d1feef97c5a7b02202cc6d4f72fc79d75af4b1ddb873271d5c548f6cb8eb7da5"

[[files]]
path = "zensical.toml"
policy = "structured-toml"
baseline = "[project]\nsite_description = \"Add your project description here.\"\nsite_name = \"demo-project\"\n\n[project.extra]\ngenerator = false\n\n[project.markdown_extensions.abbr]\n\n[project.markdown_extensions.admonition]\n\n[project.markdown_extensions.attr_list]\n\n[project.markdown_extensions.def_list]\n\n[project.markdown_extensions.footnotes]\n\n[project.markdown_extensions.md_in_html]\n\n[project.markdown_extensions.pymdownx.arithmatex]\ngeneric = true\n\n[project.markdown_extensions.pymdownx.betterem]\n\n[project.markdown_extensions.pymdownx.caret]\n\n[project.markdown_extensions.pymdownx.details]\n\n[project.markdown_extensions.pymdownx.emoji]\nemoji_generator = \"zensical.extensions.emoji.to_svg\"\nemoji_index = \"zensical.extensions.emoji.twemoji\"\n\n[project.markdown_extensions.pymdownx.highlight]\nanchor_linenums = true\nline_spans = \"__span\"\npygments_lang_class = true\n\n[project.markdown_extensions.pymdownx.inlinehilite]\n\n[project.markdown_extensions.pymdownx.keys]\n\n[project.markdown_extensions.pymdownx.magiclink]\n\n[project.markdown_extensions.pymdownx.mark]\n\n[project.markdown_extensions.pymdownx.smartsymbols]\n\n[[project.markdown_extensions.pymdownx.superfences.custom_fences]]\nclass = \"mermaid\"\nformat = \"pymdownx.superfences.fence_code_format\"\nname = \"mermaid\"\n\n[project.markdown_extensions.pymdownx.tabbed]\nalternate_style = true\ncombine_header_slug = true\n\n[project.markdown_extensions.pymdownx.tasklist]\ncustom_checkbox = true\n\n[project.markdown_extensions.pymdownx.tilde]\n\n[project.markdown_extensions.toc]\npermalink = true\n\n[[project.nav]]\nHome = \"index.md\"\n\n[project.plugins.mkdocstrings.handlers.python.options]\nshow_root_heading = true\nshow_source = true\n\n[project.theme]\nfeatures = [\"content.code.copy\", \"content.tabs.link\", \"content.tooltips\", \"navigation.footer\", \"navigation.instant\", \"navigation.instant.prefetch\", \"navigation.top\", \"search.highlight\"]\n\n[project.theme.font]\ncode = \"JetBrains Mono\"\ntext = \"Inter\"\n\n[[project.theme.palette]]\nmedia = \"(prefers-color-scheme)\"\n\n[project.theme.palette.toggle]\nicon = \"material/brightness-auto\"\nname = \"Switch to light mode\"\n\n[[project.theme.palette]]\naccent = \"cyan\"\nmedia = \"(prefers-color-scheme: light)\"\nprimary = \"white\"\nscheme = \"default\"\n\n[project.theme.palette.toggle]\nicon = \"material/weather-sunny\"\nname = \"Switch to dark mode\"\n\n[[project.theme.palette]]\naccent = \"cyan\"\nmedia = \"(prefers-color-scheme: dark)\"\nprimary = \"deep purple\"\nscheme = \"slate\"\n\n[project.theme.palette.toggle]\nicon = \"material/weather-night\"\nname = \"Switch to system preference\"\n"

[[dependencies]]
path = "pyproject.toml"
group = "dev"
name = "actionlint-py"
marker = ""
declared = "actionlint-py"
materialized = "actionlint-py>=1.7.12.24"

[[dependencies]]
path = "pyproject.toml"
group = "dev"
name = "check-jsonschema"
marker = ""
declared = "check-jsonschema"
materialized = "check-jsonschema>=0.38.0"

[[dependencies]]
path = "pyproject.toml"
group = "dev"
name = "commitizen"
marker = ""
declared = "commitizen"
materialized = "commitizen>=4.18.1"

[[dependencies]]
path = "pyproject.toml"
group = "dev"
name = "json5"
marker = ""
declared = "json5"
materialized = "json5>=0.15.0"

[[dependencies]]
path = "pyproject.toml"
group = "dev"
name = "mypy"
marker = ""
declared = "mypy"
materialized = "mypy>=2.3.1"

[[dependencies]]
path = "pyproject.toml"
group = "dev"
name = "prek"
marker = ""
declared = "prek"
materialized = "prek>=0.5.3"

[[dependencies]]
path = "pyproject.toml"
group = "dev"
name = "pytest"
marker = ""
declared = "pytest"
materialized = "pytest>=9.1.1"

[[dependencies]]
path = "pyproject.toml"
group = "dev"
name = "pytest-cov"
marker = ""
declared = "pytest-cov"
materialized = "pytest-cov>=7.1.0"

[[dependencies]]
path = "pyproject.toml"
group = "dev"
name = "pytest-mock"
marker = ""
declared = "pytest-mock"
materialized = "pytest-mock>=3.15.1"

[[dependencies]]
path = "pyproject.toml"
group = "dev"
name = "ruff"
marker = ""
declared = "ruff"
materialized = "ruff>=0.16.8"

[[dependencies]]
path = "pyproject.toml"
group = "dev"
name = "rumdl"
marker = ""
declared = "rumdl"
materialized = "rumdl>=0.2.73"

[[dependencies]]
path = "pyproject.toml"
group = "docs"
name = "mkdocstrings"
marker = ""
declared = "mkdocstrings[python]"
materialized = "mkdocstrings[python]>=1.0.6"

[[dependencies]]
path = "pyproject.toml"
group = "docs"
name = "zensical"
marker = ""
declared = "zensical"
materialized = "zensical>=0.0.62"

[[dependencies]]
path = "pyproject.toml"
group = "main"
name = "rich"
marker = ""
declared = "rich"
materialized = "rich>=15.0.0"

[[dependencies]]
path = "pyproject.toml"
group = "main"
name = "typer"
marker = ""
declared = "typer"
materialized = "typer>=0.27.2"

[[hook_pins]]
path = ".pre-commit-config.yaml"
repo = "https://github.com/commitizen-tools/commitizen"
revision = "v4.18.1"
provenance = "fallback"

[[hook_pins]]
path = ".pre-commit-config.yaml"
repo = "https://github.com/gitleaks/gitleaks"
revision = "v8.30.1"
provenance = "fallback"
