# Generated by Protostar. Records the project changes Protostar last accepted.
# Commit this file with pyproject.toml; status, diff, and sync require it.
# Keep it while using Protostar. If lost, restore it from version control.
# You can delete it when you no longer use Protostar for this project.

schema_version = 1
producer_version = "0.9.0"
hook_pins = []

[template]
origin = "built-in"
locator = "astro"
digest = "4fee3c38a8eaca5d6ef4f9c10bcd8c0e2518070dbd8408b19872e73e13e61356"
display_name = "astro"

[[files]]
path = ".envrc"
policy = "seed-only"
digest = "0f07e21202b6f86e25296e5ff2265b6b05e6e23db19c393fbf16cab69bf8c028"

[[files]]
path = ".gitattributes"
policy = "seed-only"
digest = "fba8c29612852cc79d5ad6be11f1534d1be2801a9bd2c74ef46a73e56b597db5"

[[files]]
path = "justfile"
policy = "text"
baseline = "set shell := [\"bash\", \"-euc\", \"-o\", \"pipefail\"]\nset unstable\nset quiet\n\n# --- ANSI Colors ---\n\nblue := '\\033[1;34m'\ngreen := '\\033[1;32m'\nnc := '\\033[0m'\n\n# Show available commands\ndefault:\n    @just --list\n\n# Sync/install dependencies using uv\nsync:\n    uv sync --quiet\n\n# Auto-format code\nformat: sync\n    @printf \"\\n{{ blue }}=== Formatting Code ==={{ nc }}\\n\"\n    uv run ruff check --fix .\n    uv run ruff format .\n    @printf \"{{ green }}✔ Formatting complete{{ nc }}\\n\"\n\n# Run linters\nlint: sync\n    @printf \"\\n{{ blue }}=== Running Linters ==={{ nc }}\\n\"\n    uv run ruff check .\n    uv run ruff format --check .\n    @printf \"{{ green }}✔ Linting passed{{ nc }}\\n\"\n\n# Run the fast local CI pipeline executed before pushing\nci: lint\n    @printf \"\\n{{ green }}✔ Local CI pipeline completed successfully. Clear to push!{{ nc }}\\n\"\n\n# Remove caches, artifacts, and temp files\nclean:\n    @printf \"\\n{{ blue }}=== Cleaning Workspace ==={{ nc }}\\n\"\n    rm -rf \\\n        .ruff_cache\n    find . -type d -name \"__pycache__\" -exec rm -rf {} +\n    @printf \"{{ green }}✔ Workspace cleaned{{ nc }}\\n\"\n"

[[files]]
path = "pyproject.toml"
policy = "structured-toml"
baseline = "[project]\ndescription = \"Add your description here.\"\nreadme = \"README.md\"\n[[project.authors]]\nemail = \"your-email@example.com\"\nname = \"your-name\"\n\n[tool.ruff]\nline-length = 88\n\n[tool.ruff.lint]\nextend-select = [\"PD\", \"NPY\"]\nignore = [\"E501\"]\nselect = [\"A\", \"B\", \"C4\", \"E\", \"F\", \"I\", \"RUF\", \"UP\"]\n"

[[dependencies]]
path = "pyproject.toml"
group = "dev"
name = "nbdime"
marker = ""
declared = "nbdime"
materialized = "nbdime>=4.0.4"

[[dependencies]]
path = "pyproject.toml"
group = "dev"
name = "ruff"
marker = ""
declared = "ruff"
materialized = "ruff>=0.16.8"

[[dependencies]]
path = "pyproject.toml"
group = "main"
name = "astropy"
marker = ""
declared = "astropy"
materialized = "astropy>=8.0.1"

[[dependencies]]
path = "pyproject.toml"
group = "main"
name = "astroquery"
marker = ""
declared = "astroquery"
materialized = "astroquery>=0.4.11"

[[dependencies]]
path = "pyproject.toml"
group = "main"
name = "matplotlib"
marker = ""
declared = "matplotlib"
materialized = "matplotlib>=3.11.2"

[[dependencies]]
path = "pyproject.toml"
group = "main"
name = "numpy"
marker = ""
declared = "numpy"
materialized = "numpy>=2.5.3"

[[dependencies]]
path = "pyproject.toml"
group = "main"
name = "pandas"
marker = ""
declared = "pandas"
materialized = "pandas>=3.0.5"

[[dependencies]]
path = "pyproject.toml"
group = "main"
name = "photutils"
marker = ""
declared = "photutils"
materialized = "photutils>=3.0.0"

[[dependencies]]
path = "pyproject.toml"
group = "main"
name = "scipy"
marker = ""
declared = "scipy"
materialized = "scipy>=1.18.1"

[[dependencies]]
path = "pyproject.toml"
group = "main"
name = "specutils"
marker = ""
declared = "specutils"
materialized = "specutils>=2.4.0"
