# Generated by Protostar. Records the project changes Protostar last accepted.
# Commit this file with pyproject.toml; status, diff, and sync require it.
# Keep it while using Protostar. If lost, restore it from version control.
# You can delete it when you no longer use Protostar for this project.

schema_version = 1
producer_version = "0.9.0"
hook_pins = []

[template]
origin = "built-in"
locator = "ml"
digest = "1df69e5fd682b69ff4a5050c691ac245f05897d148c23e48eef300a09e66db1f"
display_name = "ml"

[[files]]
path = ".envrc"
policy = "seed-only"
digest = "0f07e21202b6f86e25296e5ff2265b6b05e6e23db19c393fbf16cab69bf8c028"

[[files]]
path = ".gitattributes"
policy = "seed-only"
digest = "1e77f3d50d9272b7cf6d64f6c7c023ee5bb2cc75b8b4b48d0837740ff47f44fe"

[[files]]
path = "Dockerfile"
policy = "text"
baseline = "# syntax=docker/dockerfile:1\n\n# --- Builder Stage ---\nFROM ghcr.io/astral-sh/uv:python3.13-bookworm-slim AS builder\n\nWORKDIR /app\n\n# Enable bytecode compilation and copy mode for uv\nENV UV_COMPILE_BYTECODE=1\nENV UV_LINK_MODE=copy\n\n# Install dependencies using cache and bind mounts for optimal layer caching\nRUN --mount=type=cache,target=/root/.cache/uv \\\n    --mount=type=bind,source=uv.lock,target=uv.lock \\\n    --mount=type=bind,source=pyproject.toml,target=pyproject.toml \\\n    uv sync --frozen --no-install-project --no-dev\n\n# Copy application source and build the environment\nADD . /app\nRUN --mount=type=cache,target=/root/.cache/uv \\\n    uv sync --frozen --no-dev\n\n# --- Runtime Stage ---\nFROM python:3.13-slim-bookworm AS runtime\n\nWORKDIR /app\n\n# Security: Run as a non-privileged user\nRUN useradd -m -u 10001 appuser\nUSER appuser\n\n# Copy virtual environment and application code from builder\nCOPY --from=builder --chown=appuser:appuser /app /app\n\nENV PATH=\"/app/.venv/bin:$PATH\"\nENV PYTHONUNBUFFERED=1\n\nCMD [\"python\", \"-m\", \"demo_project\"]\n"

[[files]]
path = "data/01_raw/.gitkeep"
policy = "seed-only"
digest = "e3b0c44298fc1c149afbf4c8996fb92427ae41e4649b934ca495991b7852b855"

[[files]]
path = "data/02_processed/.gitkeep"
policy = "seed-only"
digest = "e3b0c44298fc1c149afbf4c8996fb92427ae41e4649b934ca495991b7852b855"

[[files]]
path = "data/03_features/.gitkeep"
policy = "seed-only"
digest = "e3b0c44298fc1c149afbf4c8996fb92427ae41e4649b934ca495991b7852b855"

[[files]]
path = "justfile"
policy = "text"
baseline = "set shell := [\"bash\", \"-euc\", \"-o\", \"pipefail\"]\nset unstable\nset quiet\n\n# --- ANSI Colors ---\n\nblue := '\\033[1;34m'\ngreen := '\\033[1;32m'\nnc := '\\033[0m'\n\n# Show available commands\ndefault:\n    @just --list\n\n# Sync/install dependencies using uv\nsync:\n    uv sync --quiet\n\n# Auto-format code\nformat: sync\n    @printf \"\\n{{ blue }}=== Formatting Code ==={{ nc }}\\n\"\n    uv run ruff check --fix .\n    uv run ruff format .\n    @printf \"{{ green }}✔ Formatting complete{{ nc }}\\n\"\n\n# Run linters\nlint: sync\n    @printf \"\\n{{ blue }}=== Running Linters ==={{ nc }}\\n\"\n    uv run ruff check .\n    uv run ruff format --check .\n    @printf \"{{ green }}✔ Linting passed{{ nc }}\\n\"\n\n# Run static type checking\ntypecheck: sync\n    @printf \"\\n{{ blue }}=== Running Type Checks ==={{ nc }}\\n\"\n    uv run mypy .\n    @printf \"{{ green }}✔ Type checking passed{{ nc }}\\n\"\n\n# Run the fast local CI pipeline executed before pushing\nci: lint typecheck\n    @printf \"\\n{{ green }}✔ Local CI pipeline completed successfully. Clear to push!{{ nc }}\\n\"\n\n# Remove caches, artifacts, and temp files\nclean:\n    @printf \"\\n{{ blue }}=== Cleaning Workspace ==={{ nc }}\\n\"\n    rm -rf \\\n        .ruff_cache \\\n        .mypy_cache\n    find . -type d -name \"__pycache__\" -exec rm -rf {} +\n    @printf \"{{ green }}✔ Workspace cleaned{{ nc }}\\n\"\n"

[[files]]
path = "models/weights/.gitkeep"
policy = "seed-only"
digest = "e3b0c44298fc1c149afbf4c8996fb92427ae41e4649b934ca495991b7852b855"

[[files]]
path = "pyproject.toml"
policy = "structured-toml"
baseline = "[project]\ndescription = \"Add your description here.\"\nreadme = \"README.md\"\n[[project.authors]]\nemail = \"your-email@example.com\"\nname = \"your-name\"\n\n[tool.mypy]\ncheck_untyped_defs = true\nexplicit_package_bases = true\nmypy_path = \"src\"\npretty = true\npython_version = \"3.13\"\nshow_error_codes = true\nshow_error_context = true\nwarn_return_any = true\nwarn_unused_configs = true\n\n[tool.ruff]\nextend-include = [\"*.ipynb\"]\nline-length = 88\n\n[tool.ruff.lint]\nextend-select = [\"NPY\", \"PD\"]\nignore = [\"E501\"]\nselect = [\"A\", \"B\", \"C4\", \"E\", \"F\", \"I\", \"RUF\", \"UP\"]\n"

[[dependencies]]
path = "pyproject.toml"
group = "dev"
name = "ipywidgets"
marker = ""
declared = "ipywidgets"
materialized = "ipywidgets>=8.1.9"

[[dependencies]]
path = "pyproject.toml"
group = "dev"
name = "jupyterlab"
marker = ""
declared = "jupyterlab"
materialized = "jupyterlab>=4.6.3"

[[dependencies]]
path = "pyproject.toml"
group = "dev"
name = "mypy"
marker = ""
declared = "mypy"
materialized = "mypy>=2.3.1"

[[dependencies]]
path = "pyproject.toml"
group = "dev"
name = "nbdime"
marker = ""
declared = "nbdime"
materialized = "nbdime>=4.0.4"

[[dependencies]]
path = "pyproject.toml"
group = "dev"
name = "ruff"
marker = ""
declared = "ruff"
materialized = "ruff>=0.16.8"

[[dependencies]]
path = "pyproject.toml"
group = "main"
name = "matplotlib"
marker = ""
declared = "matplotlib"
materialized = "matplotlib>=3.11.2"

[[dependencies]]
path = "pyproject.toml"
group = "main"
name = "numpy"
marker = ""
declared = "numpy"
materialized = "numpy>=2.5.3"

[[dependencies]]
path = "pyproject.toml"
group = "main"
name = "pandas"
marker = ""
declared = "pandas"
materialized = "pandas>=3.0.5"

[[dependencies]]
path = "pyproject.toml"
group = "main"
name = "scikit-learn"
marker = ""
declared = "scikit-learn"
materialized = "scikit-learn>=1.9.1"

[[dependencies]]
path = "pyproject.toml"
group = "main"
name = "torch"
marker = ""
declared = "torch"
materialized = "torch>=2.14.0"

[[dependencies]]
path = "pyproject.toml"
group = "main"
name = "tqdm"
marker = ""
declared = "tqdm"
materialized = "tqdm>=4.70.1"
