# Generated by Protostar. Records the project changes Protostar last accepted.
# Commit this file with pyproject.toml; status, diff, and sync require it.
# Keep it while using Protostar. If lost, restore it from version control.
# You can delete it when you no longer use Protostar for this project.

schema_version = 1
producer_version = "0.9.0"
hook_pins = []

[template]
origin = "built-in"
locator = "cli"
digest = "cc7a1de28c078b3486e151003bcd09abfe343b6874fbc180aed7f118fed54945"
display_name = "cli"

[[files]]
path = ".envrc"
policy = "seed-only"
digest = "0f07e21202b6f86e25296e5ff2265b6b05e6e23db19c393fbf16cab69bf8c028"

[[files]]
path = "README.md"
policy = "seed-only"
digest = "37c77381868c59a8a87717f8c70016477dc028054b636446323b9bfcf2c9bdf3"

[[files]]
path = "justfile"
policy = "text"
baseline = "set shell := [\"bash\", \"-euc\", \"-o\", \"pipefail\"]\nset unstable\nset quiet\n\n# --- ANSI Colors ---\n\nblue := '\\033[1;34m'\ngreen := '\\033[1;32m'\nnc := '\\033[0m'\n\n# Show available commands\ndefault:\n    @just --list\n\n# Sync/install dependencies using uv\nsync:\n    uv sync --quiet\n\n# Auto-format code\nformat: sync\n    @printf \"\\n{{ blue }}=== Formatting Code ==={{ nc }}\\n\"\n    uv run ruff check --fix .\n    uv run ruff format .\n    @printf \"{{ green }}✔ Formatting complete{{ nc }}\\n\"\n\n# Run linters\nlint: sync\n    @printf \"\\n{{ blue }}=== Running Linters ==={{ nc }}\\n\"\n    uv run ruff check .\n    uv run ruff format --check .\n    @printf \"{{ green }}✔ Linting passed{{ nc }}\\n\"\n\n# Run the fast local CI pipeline executed before pushing\nci: lint\n    @printf \"\\n{{ green }}✔ Local CI pipeline completed successfully. Clear to push!{{ nc }}\\n\"\n\n# Remove caches, artifacts, and temp files\nclean:\n    @printf \"\\n{{ blue }}=== Cleaning Workspace ==={{ nc }}\\n\"\n    rm -rf \\\n        .ruff_cache\n    find . -type d -name \"__pycache__\" -exec rm -rf {} +\n    @printf \"{{ green }}✔ Workspace cleaned{{ nc }}\\n\"\n"

[[files]]
path = "pyproject.toml"
policy = "structured-toml"
baseline = "[build-system]\nbuild-backend = \"hatchling.build\"\nrequires = [\"hatchling\"]\n\n[project]\ndescription = \"Add your description here.\"\nreadme = \"README.md\"\n[[project.authors]]\nemail = \"your-email@example.com\"\nname = \"your-name\"\n\n[project.scripts]\ndemo-project = \"demo_project.cli:app\"\n\n[tool.hatch.build.targets.wheel]\npackages = [\"src/demo_project\"]\n\n[tool.ruff]\nline-length = 88\n\n[tool.ruff.lint]\nignore = [\"E501\"]\nselect = [\"A\", \"B\", \"C4\", \"E\", \"F\", \"I\", \"RUF\", \"UP\"]\n"

[[files]]
path = "src/demo_project/__init__.py"
policy = "seed-only"
digest = "8676db1404c13b556f9472e058e7bcedcacbeec6152d8b392fbc4468e9f000e5"

[[files]]
path = "src/demo_project/cli.py"
policy = "seed-only"
digest = "f04159e36b3200fd89d525cad62ce33c0d08161a162990cd87f9a9d4d78c295a"

[[dependencies]]
path = "pyproject.toml"
group = "dev"
name = "ruff"
marker = ""
declared = "ruff"
materialized = "ruff>=0.16.8"

[[dependencies]]
path = "pyproject.toml"
group = "main"
name = "rich"
marker = ""
declared = "rich"
materialized = "rich>=15.0.0"

[[dependencies]]
path = "pyproject.toml"
group = "main"
name = "typer"
marker = ""
declared = "typer"
materialized = "typer>=0.27.2"
